
Microsoft Visual Studio Solution File, Format Version 12.00
# Visual Studio Version 16
VisualStudioVersion = 16.0.29519.87
MinimumVisualStudioVersion = 10.0.40219.1
Project("{FAE04EC0-301F-11D3-BF4B-00C04F79EFBC}") = "JobNetworkAPI", "JobNetworkAPI.csproj", "{3ABEF733-3975-4AD9-BC81-A4B1D8C4E978}"
EndProject
Global
	GlobalSection(SolutionConfigurationPlatforms) = preSolution
		Debug|Any CPU = Debug|Any CPU
		Release|Any CPU = Release|Any CPU
	EndGlobalSection
	GlobalSection(ProjectConfigurationPlatforms) = postSolution
		{3ABEF733-3975-4AD9-BC81-A4B1D8C4E978}.Debug|Any CPU.ActiveCfg = Debug|Any CPU
		{3ABEF733-3975-4AD9-BC81-A4B1D8C4E978}.Debug|Any CPU.Build.0 = Debug|Any CPU
		{3ABEF733-3975-4AD9-BC81-A4B1D8C4E978}.Release|Any CPU.ActiveCfg = Release|Any CPU
		{3ABEF733-3975-4AD9-BC81-A4B1D8C4E978}.Release|Any CPU.Build.0 = Release|Any CPU
	EndGlobalSection
	GlobalSection(SolutionProperties) = preSolution
		HideSolutionNode = FALSE
	EndGlobalSection
	GlobalSection(ExtensibilityGlobals) = postSolution
		SolutionGuid = {4983BF16-128A-4FE1-9227-C8BAFB480319}
	EndGlobalSection
EndGlobal
